# THIS IS AN AUTOGENERATED FILE. DO NOT EDIT THIS FILE DIRECTLY.
# yarn lockfile v1


"ntos-link@file:../../build/link":
  version "1.0.0"
  resolved "file:../../build/link"
  dependencies:
    "@rollup/plugin-commonjs" "^25.0.7"
    "@rollup/plugin-node-resolve" "^15.2.3"
    "@rollup/plugin-terser" "^0.4.4"
    asar "^3.2.0"
    rollup "^4.9.1"
    rollup-plugin-dts "^6.1.0"
    rollup-plugin-typescript2 "^0.36.0"

typescript@^5.3.3:
  version "5.3.3"
  resolved "https://registry.npmjs.org/typescript/-/typescript-5.3.3.tgz"
  integrity sha512-pXWcraxM0uxAS+tN0AG/BF2TyqmHO014Z070UsJ+pFvYuRSq8KH8DmWpnbXe0pEPDHXZV3FcAbJkijJ5oNEnWw==

"user32@file:../../dlls/user32":
  version "1.0.0"
  resolved "file:../../dlls/user32"
  dependencies:
    gdi32 "file:../../dlls/gdi32"
    kernel32 "file:../kernel32"
    ntdll "file:../../dlls/ntdll"
    ntos-sdk "../../sdk"
    rollup-plugin-dts "^6.1.0"
