{
  "name": "tests",
  "version": "1.0.0",
  "lockfileVersion": 3,
  "requires": true,
  "packages": {
    "": {
      "name": "tests",
      "version": "1.0.0",
      "license": "MIT",
      "dependencies": {
        "gdi32": "file:../../dlls/gdi32",
        "kernel32": "file:../../dlls/kernel32",
        "ntdll": "file:../../dlls/ntdll",
        "ntos-sdk": "file:../../sdk",
        "user32": "file:../../dlls/user32"
      },
      "devDependencies": {
        "ntos-link": "file:../../build/link",
        "typescript": "^5.3.3"
      }
    },
    "../../build/link": {
      "version": "1.0.0",
      "dev": true,
      "license": "MIT",
      "dependencies": {
        "@rollup/plugin-commonjs": "^25.0.7",
        "@rollup/plugin-node-resolve": "^15.2.3",
        "@rollup/plugin-terser": "^0.4.4",
        "asar": "^3.2.0",
        "rollup": "^4.9.1",
        "rollup-plugin-dts": "^6.1.0",
        "rollup-plugin-node-builtins": "^2.1.2",
        "rollup-plugin-node-globals": "^1.4.0",
        "rollup-plugin-typescript2": "^0.36.0"
      },
      "bin": {
        "ntos-link": "link"
      },
      "devDependencies": {
        "@rollup/plugin-json": "^6.1.0"
      }
    },
    "../../dlls/gdi32": {
      "version": "1.0.0",
      "license": "MIT",
      "dependencies": {
        "kernel32": "file:../../dlls/kernel32",
        "ntdll": "file:../../dlls/ntdll",
        "ntos-sdk": "../../sdk",
        "rollup-plugin-dts": "^6.1.0"
      },
      "devDependencies": {
        "@rollup/plugin-commonjs": "^25.0.7",
        "@rollup/plugin-node-resolve": "^15.2.3",
        "rollup": "^4.9.1",
        "rollup-plugin-typescript2": "^0.36.0",
        "typescript": "^5.3.3"
      }
    },
    "../../dlls/kernel32": {
      "version": "1.0.0",
      "license": "MIT",
      "dependencies": {
        "ntdll": "../../dlls/ntdll",
        "ntos-sdk": "../../sdk",
        "rollup-plugin-dts": "^6.1.0"
      },
      "devDependencies": {
        "@rollup/plugin-commonjs": "^25.0.7",
        "@rollup/plugin-node-resolve": "^15.2.3",
        "rollup": "^4.9.1",
        "rollup-plugin-typescript2": "^0.36.0",
        "typescript": "^5.3.3"
      }
    },
    "../../dlls/ntdll": {
      "version": "1.0.0",
      "license": "MIT",
      "dependencies": {
        "ntos-link": "../../build/link",
        "ntos-sdk": "../../sdk",
        "rollup-plugin-dts": "^6.1.0"
      },
      "devDependencies": {
        "@rollup/plugin-commonjs": "^25.0.7",
        "@rollup/plugin-node-resolve": "^15.2.3",
        "rollup": "^4.9.1",
        "rollup-plugin-typescript2": "^0.36.0",
        "typescript": "^5.3.3"
      }
    },
    "../../dlls/user32": {
      "version": "1.0.0",
      "license": "MIT",
      "dependencies": {
        "gdi32": "file:../../dlls/gdi32",
        "kernel32": "file:../kernel32",
        "ntdll": "file:../../dlls/ntdll",
        "ntos-sdk": "../../sdk",
        "rollup-plugin-dts": "^6.1.0"
      },
      "devDependencies": {
        "@rollup/plugin-commonjs": "^25.0.7",
        "@rollup/plugin-node-resolve": "^15.2.3",
        "rollup": "^4.9.1",
        "rollup-plugin-typescript2": "^0.36.0",
        "typescript": "^5.3.3"
      }
    },
    "../../sdk": {
      "version": "1.0.0",
      "license": "MIT",
      "dependencies": {
        "@types/node": "^20.9.0",
        "express": "^4.18.2",
        "filer": "^1.4.1",
        "typescript": "^5.3.3"
      },
      "devDependencies": {
        "css-loader": "^6.8.1",
        "esbuild": "^0.19.10",
        "rollup": "^4.9.1",
        "rollup-plugin-dts": "^6.1.0",
        "rollup-plugin-esbuild": "^6.1.0",
        "rollup-plugin-typescript2": "^0.36.0",
        "style-loader": "^3.3.3",
        "ts-loader": "^9.5.1",
        "webpack": "^5.89.0",
        "webpack-cli": "^5.1.4"
      }
    },
    "node_modules/gdi32": {
      "resolved": "../../dlls/gdi32",
      "link": true
    },
    "node_modules/kernel32": {
      "resolved": "../../dlls/kernel32",
      "link": true
    },
    "node_modules/ntdll": {
      "resolved": "../../dlls/ntdll",
      "link": true
    },
    "node_modules/ntos-link": {
      "resolved": "../../build/link",
      "link": true
    },
    "node_modules/ntos-sdk": {
      "resolved": "../../sdk",
      "link": true
    },
    "node_modules/typescript": {
      "version": "5.3.3",
      "resolved": "https://registry.npmjs.org/typescript/-/typescript-5.3.3.tgz",
      "integrity": "sha512-pXWcraxM0uxAS+tN0AG/BF2TyqmHO014Z070UsJ+pFvYuRSq8KH8DmWpnbXe0pEPDHXZV3FcAbJkijJ5oNEnWw==",
      "dev": true,
      "bin": {
        "tsc": "bin/tsc",
        "tsserver": "bin/tsserver"
      },
      "engines": {
        "node": ">=14.17"
      }
    },
    "node_modules/user32": {
      "resolved": "../../dlls/user32",
      "link": true
    }
  }
}
